
Microsoft Visual Studio Solution File, Format Version 12.00
# Visual Studio Version 17
VisualStudioVersion = 17.11.35222.181
MinimumVisualStudioVersion = 10.0.40219.1
Project("{FAE04EC0-301F-11D3-BF4B-00C04F79EFBC}") = "StudentRegistrationApplication", "StudentRegistrationApplication\StudentRegistrationApplication.csproj", "{505D3E58-7FA4-48F4-9D85-BA18C9027620}"
EndProject
Global
	GlobalSection(SolutionConfigurationPlatforms) = preSolution
		Debug|Any CPU = Debug|Any CPU
		Release|Any CPU = Release|Any CPU
	EndGlobalSection
	GlobalSection(ProjectConfigurationPlatforms) = postSolution
		{505D3E58-7FA4-48F4-9D85-BA18C9027620}.Debug|Any CPU.ActiveCfg = Debug|Any CPU
		{505D3E58-7FA4-48F4-9D85-BA18C9027620}.Debug|Any CPU.Build.0 = Debug|Any CPU
		{505D3E58-7FA4-48F4-9D85-BA18C9027620}.Release|Any CPU.ActiveCfg = Release|Any CPU
		{505D3E58-7FA4-48F4-9D85-BA18C9027620}.Release|Any CPU.Build.0 = Release|Any CPU
	EndGlobalSection
	GlobalSection(SolutionProperties) = preSolution
		HideSolutionNode = FALSE
	EndGlobalSection
	GlobalSection(ExtensibilityGlobals) = postSolution
		SolutionGuid = {F7D9E99B-E888-4D75-A80B-9D34D2BA9A26}
	EndGlobalSection
EndGlobal
